
Microsoft Visual Studio Solution File, Format Version 12.00
# Visual Studio Version 17
VisualStudioVersion = 17.1.32328.378
MinimumVisualStudioVersion = 10.0.40219.1
Project("{FAE04EC0-301F-11D3-BF4B-00C04F79EFBC}") = "BackendTask", "BackendTask\BackendTask.csproj", "{DFE7335E-21EF-4388-8333-D54F68A7A32D}"
EndProject
Global
	GlobalSection(SolutionConfigurationPlatforms) = preSolution
		Debug|Any CPU = Debug|Any CPU
		Release|Any CPU = Release|Any CPU
	EndGlobalSection
	GlobalSection(ProjectConfigurationPlatforms) = postSolution
		{DFE7335E-21EF-4388-8333-D54F68A7A32D}.Debug|Any CPU.ActiveCfg = Debug|Any CPU
		{DFE7335E-21EF-4388-8333-D54F68A7A32D}.Debug|Any CPU.Build.0 = Debug|Any CPU
		{DFE7335E-21EF-4388-8333-D54F68A7A32D}.Release|Any CPU.ActiveCfg = Release|Any CPU
		{DFE7335E-21EF-4388-8333-D54F68A7A32D}.Release|Any CPU.Build.0 = Release|Any CPU
	EndGlobalSection
	GlobalSection(SolutionProperties) = preSolution
		HideSolutionNode = FALSE
	EndGlobalSection
	GlobalSection(ExtensibilityGlobals) = postSolution
		SolutionGuid = {8C110353-00C4-4598-B669-D2F8F6482396}
	EndGlobalSection
EndGlobal
